
Microsoft Visual Studio Solution File, Format Version 12.00
Project("{FAE04EC0-301F-11D3-BF4B-00C04F79EFBC}") = "Mir2-V2_WebApi", "Mir2-V2_WebApi\Mir2-V2_WebApi.csproj", "{C6DCACEB-B7DD-4DDD-838B-7019A10A9433}"
EndProject
Project("{FAE04EC0-301F-11D3-BF4B-00C04F79EFBC}") = "Application", "Application\Application.csproj", "{FFDD44CE-F6A4-4694-9014-59E4BB429B6E}"
EndProject
Project("{FAE04EC0-301F-11D3-BF4B-00C04F79EFBC}") = "ServerDomain", "ServerDomain\ServerDomain.csproj", "{E2536447-6847-48BD-89F9-390F19C5CD82}"
EndProject
Project("{FAE04EC0-301F-11D3-BF4B-00C04F79EFBC}") = "SharedModels_Mir2-V2", "SharedModels_Mir2-V2\SharedModels_Mir2-V2.csproj", "{2945A377-41F4-43D5-864E-411871D62FB9}"
EndProject
Project("{2150E333-8FDC-42A3-9474-1A3956D46DE8}") = "src", "src", "{0DE18910-280D-4BCB-98DB-21BFAE480DAC}"
EndProject
Project("{2150E333-8FDC-42A3-9474-1A3956D46DE8}") = "srcShared", "srcShared", "{B1C2D4B4-E94D-4C9F-BC5E-F19129ABBDB4}"
EndProject
Project("{2150E333-8FDC-42A3-9474-1A3956D46DE8}") = "tests", "tests", "{8D9A11DA-B9DA-45FF-AA4C-89392B04C160}"
EndProject
Project("{FAE04EC0-301F-11D3-BF4B-00C04F79EFBC}") = "ServerDomainTests", "Tests\ServerDomainTests\ServerDomainTests.csproj", "{26C3CE3C-00EE-49D2-9633-DDC9890DE7AB}"
EndProject
Global
	GlobalSection(SolutionConfigurationPlatforms) = preSolution
		Debug|Any CPU = Debug|Any CPU
		Release|Any CPU = Release|Any CPU
	EndGlobalSection
	GlobalSection(ProjectConfigurationPlatforms) = postSolution
		{C6DCACEB-B7DD-4DDD-838B-7019A10A9433}.Debug|Any CPU.ActiveCfg = Debug|Any CPU
		{C6DCACEB-B7DD-4DDD-838B-7019A10A9433}.Debug|Any CPU.Build.0 = Debug|Any CPU
		{C6DCACEB-B7DD-4DDD-838B-7019A10A9433}.Release|Any CPU.ActiveCfg = Release|Any CPU
		{C6DCACEB-B7DD-4DDD-838B-7019A10A9433}.Release|Any CPU.Build.0 = Release|Any CPU
		{FFDD44CE-F6A4-4694-9014-59E4BB429B6E}.Debug|Any CPU.ActiveCfg = Debug|Any CPU
		{FFDD44CE-F6A4-4694-9014-59E4BB429B6E}.Debug|Any CPU.Build.0 = Debug|Any CPU
		{FFDD44CE-F6A4-4694-9014-59E4BB429B6E}.Release|Any CPU.ActiveCfg = Release|Any CPU
		{FFDD44CE-F6A4-4694-9014-59E4BB429B6E}.Release|Any CPU.Build.0 = Release|Any CPU
		{E2536447-6847-48BD-89F9-390F19C5CD82}.Debug|Any CPU.ActiveCfg = Debug|Any CPU
		{E2536447-6847-48BD-89F9-390F19C5CD82}.Debug|Any CPU.Build.0 = Debug|Any CPU
		{E2536447-6847-48BD-89F9-390F19C5CD82}.Release|Any CPU.ActiveCfg = Release|Any CPU
		{E2536447-6847-48BD-89F9-390F19C5CD82}.Release|Any CPU.Build.0 = Release|Any CPU
		{2945A377-41F4-43D5-864E-411871D62FB9}.Debug|Any CPU.ActiveCfg = Debug|Any CPU
		{2945A377-41F4-43D5-864E-411871D62FB9}.Debug|Any CPU.Build.0 = Debug|Any CPU
		{2945A377-41F4-43D5-864E-411871D62FB9}.Release|Any CPU.ActiveCfg = Release|Any CPU
		{2945A377-41F4-43D5-864E-411871D62FB9}.Release|Any CPU.Build.0 = Release|Any CPU
		{26C3CE3C-00EE-49D2-9633-DDC9890DE7AB}.Debug|Any CPU.ActiveCfg = Debug|Any CPU
		{26C3CE3C-00EE-49D2-9633-DDC9890DE7AB}.Debug|Any CPU.Build.0 = Debug|Any CPU
		{26C3CE3C-00EE-49D2-9633-DDC9890DE7AB}.Release|Any CPU.ActiveCfg = Release|Any CPU
		{26C3CE3C-00EE-49D2-9633-DDC9890DE7AB}.Release|Any CPU.Build.0 = Release|Any CPU
	EndGlobalSection
	GlobalSection(NestedProjects) = preSolution
		{C6DCACEB-B7DD-4DDD-838B-7019A10A9433} = {0DE18910-280D-4BCB-98DB-21BFAE480DAC}
		{FFDD44CE-F6A4-4694-9014-59E4BB429B6E} = {0DE18910-280D-4BCB-98DB-21BFAE480DAC}
		{E2536447-6847-48BD-89F9-390F19C5CD82} = {0DE18910-280D-4BCB-98DB-21BFAE480DAC}
		{2945A377-41F4-43D5-864E-411871D62FB9} = {B1C2D4B4-E94D-4C9F-BC5E-F19129ABBDB4}
		{26C3CE3C-00EE-49D2-9633-DDC9890DE7AB} = {8D9A11DA-B9DA-45FF-AA4C-89392B04C160}
	EndGlobalSection
EndGlobal
